
Microsoft Visual Studio Solution File, Format Version 11.00
# Visual Studio 2010
# SharpDevelop 4.4
Project("{F184B08F-C81C-45F6-A57F-5ABD9991F28F}") = "Task21_1", "Task21_1.vbproj", "{F2B77ABE-EF28-40C5-8D21-88BD26915E56}"
EndProject
Global
	GlobalSection(SolutionConfigurationPlatforms) = preSolution
		Debug|Any CPU = Debug|Any CPU
		Release|Any CPU = Release|Any CPU
	EndGlobalSection
	GlobalSection(ProjectConfigurationPlatforms) = postSolution
		{F2B77ABE-EF28-40C5-8D21-88BD26915E56}.Debug|Any CPU.Build.0 = Debug|Any CPU
		{F2B77ABE-EF28-40C5-8D21-88BD26915E56}.Debug|Any CPU.ActiveCfg = Debug|Any CPU
		{F2B77ABE-EF28-40C5-8D21-88BD26915E56}.Release|Any CPU.Build.0 = Release|Any CPU
		{F2B77ABE-EF28-40C5-8D21-88BD26915E56}.Release|Any CPU.ActiveCfg = Release|Any CPU
	EndGlobalSection
EndGlobal
